<?xml version="1.0" encoding="utf-8"?>
<Project ToolsVersion="4.0" xmlns="http://schemas.microsoft.com/developer/msbuild/2003">
  <ItemGroup>
    <Filter Include="Source Files">
      <UniqueIdentifier>{4FC737F1-C7A5-4376-A066-2A32D752A2FF}</UniqueIdentifier>
      <Extensions>cpp;c;cc;cxx;def;odl;idl;hpj;bat;asm;asmx</Extensions>
    </Filter>
    <Filter Include="Header Files">
      <UniqueIdentifier>{93995380-89BD-4b04-88EB-625FBE52EBFB}</UniqueIdentifier>
      <Extensions>h;hh;hpp;hxx;hm;inl;inc;xsd</Extensions>
    </Filter>
    <Filter Include="Resource Files">
      <UniqueIdentifier>{67DA6AB6-F800-4c08-8B7A-83BB121AAD01}</UniqueIdentifier>
      <Extensions>rc;ico;cur;bmp;dlg;rc2;rct;bin;rgs;gif;jpg;jpeg;jpe;resx;tiff;tif;png;wav;mfcribbon-ms</Extensions>
    </Filter>
    <Filter Include="Header Files\Interfaces">
      <UniqueIdentifier>{ffacde47-5b72-4275-a430-43830a23fa9d}</UniqueIdentifier>
    </Filter>
    <Filter Include="Header Files\Implementations">
      <UniqueIdentifier>{fe0051b4-2c69-4edd-896d-8248ead43092}</UniqueIdentifier>
    </Filter>
    <Filter Include="Header Files\Classes">
      <UniqueIdentifier>{a8c57d0f-01c3-4d56-a4c7-a6ef233ff9f6}</UniqueIdentifier>
    </Filter>
  </ItemGroup>
  <ItemGroup>
    <Text Include="ReadMe.txt" />
  </ItemGroup>
  <ItemGroup>
    <ClInclude Include="stdafx.h">
      <Filter>Header Files</Filter>
    </ClInclude>
    <ClInclude Include="targetver.h">
      <Filter>Header Files</Filter>
    </ClInclude>
    <ClInclude Include="..\CMyStack\IAdvancedStudent.h">
      <Filter>Header Files\Interfaces</Filter>
    </ClInclude>
    <ClInclude Include="..\CMyStack\IPerson.h">
      <Filter>Header Files\Interfaces</Filter>
    </ClInclude>
    <ClInclude Include="..\CMyStack\IPupil.h">
      <Filter>Header Files\Interfaces</Filter>
    </ClInclude>
    <ClInclude Include="..\CMyStack\IStudent.h">
      <Filter>Header Files\Interfaces</Filter>
    </ClInclude>
    <ClInclude Include="..\CMyStack\ITeacher.h">
      <Filter>Header Files\Interfaces</Filter>
    </ClInclude>
    <ClInclude Include="..\CMyStack\IWorker.h">
      <Filter>Header Files\Interfaces</Filter>
    </ClInclude>
    <ClInclude Include="..\CMyStack\CPersonImpl.h">
      <Filter>Header Files\Implementations</Filter>
    </ClInclude>
    <ClInclude Include="..\CMyStack\CStudentImpl.h">
      <Filter>Header Files\Implementations</Filter>
    </ClInclude>
    <ClInclude Include="..\CMyStack\CAdvancedStudent.h">
      <Filter>Header Files\Classes</Filter>
    </ClInclude>
    <ClInclude Include="..\CMyStack\CPupil.h">
      <Filter>Header Files\Classes</Filter>
    </ClInclude>
    <ClInclude Include="..\CMyStack\CStudent.h">
      <Filter>Header Files\Classes</Filter>
    </ClInclude>
    <ClInclude Include="..\CMyStack\CTeacher.h">
      <Filter>Header Files\Classes</Filter>
    </ClInclude>
    <ClInclude Include="..\CMyStack\CWorker.h">
      <Filter>Header Files\Classes</Filter>
    </ClInclude>
  </ItemGroup>
  <ItemGroup>
    <ClCompile Include="stdafx.cpp">
      <Filter>Source Files</Filter>
    </ClCompile>
    <ClCompile Include="main.cpp">
      <Filter>Source Files</Filter>
    </ClCompile>
    <ClCompile Include="PupilTest.cpp">
      <Filter>Source Files</Filter>
    </ClCompile>
    <ClCompile Include="TeacherTest.cpp">
      <Filter>Source Files</Filter>
    </ClCompile>
    <ClCompile Include="WorkerTest.cpp">
      <Filter>Source Files</Filter>
    </ClCompile>
    <ClCompile Include="StudentTest.cpp">
      <Filter>Source Files</Filter>
    </ClCompile>
    <ClCompile Include="AdvancedStudent.cpp">
      <Filter>Source Files</Filter>
    </ClCompile>
  </ItemGroup>
</Project>