<?xml version="1.0" encoding="utf-8"?>
<Project ToolsVersion="4.0" xmlns="http://schemas.microsoft.com/developer/msbuild/2003">
  <ItemGroup>
    <Filter Include="Source Files">
      <UniqueIdentifier>{4FC737F1-C7A5-4376-A066-2A32D752A2FF}</UniqueIdentifier>
      <Extensions>cpp;c;cc;cxx;def;odl;idl;hpj;bat;asm;asmx</Extensions>
    </Filter>
    <Filter Include="Header Files">
      <UniqueIdentifier>{93995380-89BD-4b04-88EB-625FBE52EBFB}</UniqueIdentifier>
      <Extensions>h;hh;hpp;hxx;hm;inl;inc;xsd</Extensions>
    </Filter>
    <Filter Include="Resource Files">
      <UniqueIdentifier>{67DA6AB6-F800-4c08-8B7A-83BB121AAD01}</UniqueIdentifier>
      <Extensions>rc;ico;cur;bmp;dlg;rc2;rct;bin;rgs;gif;jpg;jpeg;jpe;resx;tiff;tif;png;wav;mfcribbon-ms</Extensions>
    </Filter>
    <Filter Include="Header Files\Interfaces">
      <UniqueIdentifier>{0f395725-d87b-4cd0-880b-60a9d2d3fc70}</UniqueIdentifier>
    </Filter>
    <Filter Include="Header Files\Implementations">
      <UniqueIdentifier>{e14dcbe8-2991-421d-b0bd-974e4fdb4b6f}</UniqueIdentifier>
    </Filter>
    <Filter Include="Header Files\Classes">
      <UniqueIdentifier>{bd9cc884-55bf-4a4b-98b3-30d0c3155e74}</UniqueIdentifier>
    </Filter>
  </ItemGroup>
  <ItemGroup>
    <Text Include="ReadMe.txt" />
  </ItemGroup>
  <ItemGroup>
    <ClInclude Include="stdafx.h">
      <Filter>Header Files</Filter>
    </ClInclude>
    <ClInclude Include="targetver.h">
      <Filter>Header Files</Filter>
    </ClInclude>
    <ClInclude Include="IPerson.h">
      <Filter>Header Files\Interfaces</Filter>
    </ClInclude>
    <ClInclude Include="IPupil.h">
      <Filter>Header Files\Interfaces</Filter>
    </ClInclude>
    <ClInclude Include="ITeacher.h">
      <Filter>Header Files\Interfaces</Filter>
    </ClInclude>
    <ClInclude Include="IStudent.h">
      <Filter>Header Files\Interfaces</Filter>
    </ClInclude>
    <ClInclude Include="IWorker.h">
      <Filter>Header Files\Interfaces</Filter>
    </ClInclude>
    <ClInclude Include="IAdvancedStudent.h">
      <Filter>Header Files\Interfaces</Filter>
    </ClInclude>
    <ClInclude Include="CPersonImpl.h">
      <Filter>Header Files\Implementations</Filter>
    </ClInclude>
    <ClInclude Include="CStudentImpl.h">
      <Filter>Header Files\Implementations</Filter>
    </ClInclude>
    <ClInclude Include="CTeacher.h">
      <Filter>Header Files\Classes</Filter>
    </ClInclude>
    <ClInclude Include="CPupil.h">
      <Filter>Header Files\Classes</Filter>
    </ClInclude>
    <ClInclude Include="CWorker.h">
      <Filter>Header Files\Classes</Filter>
    </ClInclude>
    <ClInclude Include="CStudent.h">
      <Filter>Header Files\Classes</Filter>
    </ClInclude>
    <ClInclude Include="CAdvancedStudent.h">
      <Filter>Header Files\Classes</Filter>
    </ClInclude>
  </ItemGroup>
  <ItemGroup>
    <ClCompile Include="stdafx.cpp">
      <Filter>Source Files</Filter>
    </ClCompile>
    <ClCompile Include="main.cpp">
      <Filter>Source Files</Filter>
    </ClCompile>
  </ItemGroup>
</Project>